
Microsoft Visual Studio Solution File, Format Version 12.00
# Visual Studio Version 17
VisualStudioVersion = 17.3.32811.315
MinimumVisualStudioVersion = 10.0.40219.1
Project("{FAE04EC0-301F-11D3-BF4B-00C04F79EFBC}") = "webappterraform", "webappterraform\webappterraform.csproj", "{B5897C11-36BA-4911-B81B-94779A56EB32}"
EndProject
Global
	GlobalSection(SolutionConfigurationPlatforms) = preSolution
		Debug|Any CPU = Debug|Any CPU
		Release|Any CPU = Release|Any CPU
	EndGlobalSection
	GlobalSection(ProjectConfigurationPlatforms) = postSolution
		{B5897C11-36BA-4911-B81B-94779A56EB32}.Debug|Any CPU.ActiveCfg = Debug|Any CPU
		{B5897C11-36BA-4911-B81B-94779A56EB32}.Debug|Any CPU.Build.0 = Debug|Any CPU
		{B5897C11-36BA-4911-B81B-94779A56EB32}.Release|Any CPU.ActiveCfg = Release|Any CPU
		{B5897C11-36BA-4911-B81B-94779A56EB32}.Release|Any CPU.Build.0 = Release|Any CPU
	EndGlobalSection
	GlobalSection(SolutionProperties) = preSolution
		HideSolutionNode = FALSE
	EndGlobalSection
	GlobalSection(ExtensibilityGlobals) = postSolution
		SolutionGuid = {1E179572-12B8-4C59-AE59-EC249C193CE6}
	EndGlobalSection
EndGlobal
